{
  "name": "cancellable",
  "version": "0.1.1",
  "lockfileVersion": 2,
  "requires": true,
  "packages": {
    "": {
      "name": "cancellable",
      "version": "0.1.1",
      "license": "MIT",
      "dependencies": {
        "prex": "^0.4.7"
      }
    },
    "node_modules/@esfx/cancelable": {
      "version": "1.0.0-pre.13",
      "resolved": "https://registry.npmjs.org/@esfx/cancelable/-/cancelable-1.0.0-pre.13.tgz",
      "integrity": "sha512-JpcXOrEPh/AMaZ8OGWrjYq+o65/emqxZFnW7NRRS6x8nrHbbZTUHEJnQmjahXkjvliPBgsFqueaLphXP52ACug==",
      "dependencies": {
        "@esfx/disposable": "^1.0.0-pre.13",
        "@esfx/internal-deprecate": "^1.0.0-pre.13",
        "@esfx/internal-guards": "^1.0.0-pre.11",
        "@esfx/internal-tag": "^1.0.0-pre.6",
        "tslib": "^1.9.3"
      }
    },
    "node_modules/@esfx/disposable": {
      "version": "1.0.0-pre.13",
      "resolved": "https://registry.npmjs.org/@esfx/disposable/-/disposable-1.0.0-pre.13.tgz",
      "integrity": "sha512-rTypmtVgC8nx3gfxHIX96By2UNub0ewRthxUiWE1x/+NTSfzGOHVpVu0H8DF+VQJND04E6srcwwbO+Hpek16GA==",
      "dependencies": {
        "@esfx/internal-deprecate": "^1.0.0-pre.13",
        "@esfx/internal-guards": "^1.0.0-pre.11",
        "@esfx/internal-tag": "^1.0.0-pre.6",
        "tslib": "^1.9.3"
      }
    },
    "node_modules/@esfx/internal-deprecate": {
      "version": "1.0.0-pre.13",
      "resolved": "https://registry.npmjs.org/@esfx/internal-deprecate/-/internal-deprecate-1.0.0-pre.13.tgz",
      "integrity": "sha512-uF4EhrILmUJdcDkSQNsr+33XEKaMj92/8804VIHswytdbwaQjQ85dbj1bSB9TFsXG2zkZtJo09NKNQ9p7NvTPQ==",
      "dependencies": {
        "tslib": "^1.9.3"
      }
    },
    "node_modules/@esfx/internal-guards": {
      "version": "1.0.0-pre.11",
      "resolved": "https://registry.npmjs.org/@esfx/internal-guards/-/internal-guards-1.0.0-pre.11.tgz",
      "integrity": "sha512-DnRXkwwSrqIaml+sAm/zzpfDOCBnZkzflmGB833AqVYbgopO7xPBobngxqGBhYjutgTmVuXV3GKP0g08h4mQEw==",
      "dependencies": {
        "@esfx/type-model": "^1.0.0-pre.11",
        "tslib": "^1.9.3"
      }
    },
    "node_modules/@esfx/internal-tag": {
      "version": "1.0.0-pre.6",
      "resolved": "https://registry.npmjs.org/@esfx/internal-tag/-/internal-tag-1.0.0-pre.6.tgz",
      "integrity": "sha512-nODidP9/RBLqX39HL12IhFLgaoBHrC5nrm6D/BwquCGNoPQI9EXNPau+IdmGqeUcaMoVOFLFOkYtnHU52RVngw=="
    },
    "node_modules/@esfx/type-model": {
      "version": "1.0.0-pre.11",
      "resolved": "https://registry.npmjs.org/@esfx/type-model/-/type-model-1.0.0-pre.11.tgz",
      "integrity": "sha512-ImM8fj0HFE2GRPRq+q1xnW3kNaIbZscpJfWjGyeo9KdMxKoI75bJebsA3XK6AH9zbEWba+521V+m6NDvDhcnSw==",
      "dependencies": {
        "tslib": "^1.9.3"
      }
    },
    "node_modules/prex": {
      "version": "0.4.7",
      "resolved": "https://registry.npmjs.org/prex/-/prex-0.4.7.tgz",
      "integrity": "sha512-ulhl3iyjmAW/GroRQJN4CG+pC6KJ+W+deNRBkEShQwe16wLP9k92+x6RmLJuLiVSGkbxhnAqHpGdJJCh3bRpUQ==",
      "dependencies": {
        "@esfx/cancelable": "^1.0.0-pre.13",
        "@esfx/disposable": "^1.0.0-pre.13"
      }
    },
    "node_modules/tslib": {
      "version": "1.14.1",
      "resolved": "https://registry.npmjs.org/tslib/-/tslib-1.14.1.tgz",
      "integrity": "sha512-Xni35NKzjgMrwevysHTCArtLDpPvye8zV/0E4EyYn43P7/7qvQwPh9BGkHewbMulVntbigmcT7rdX3BNo9wRJg=="
    }
  },
  "dependencies": {
    "@esfx/cancelable": {
      "version": "1.0.0-pre.13",
      "resolved": "https://registry.npmjs.org/@esfx/cancelable/-/cancelable-1.0.0-pre.13.tgz",
      "integrity": "sha512-JpcXOrEPh/AMaZ8OGWrjYq+o65/emqxZFnW7NRRS6x8nrHbbZTUHEJnQmjahXkjvliPBgsFqueaLphXP52ACug==",
      "requires": {
        "@esfx/disposable": "^1.0.0-pre.13",
        "@esfx/internal-deprecate": "^1.0.0-pre.13",
        "@esfx/internal-guards": "^1.0.0-pre.11",
        "@esfx/internal-tag": "^1.0.0-pre.6",
        "tslib": "^1.9.3"
      }
    },
    "@esfx/disposable": {
      "version": "1.0.0-pre.13",
      "resolved": "https://registry.npmjs.org/@esfx/disposable/-/disposable-1.0.0-pre.13.tgz",
      "integrity": "sha512-rTypmtVgC8nx3gfxHIX96By2UNub0ewRthxUiWE1x/+NTSfzGOHVpVu0H8DF+VQJND04E6srcwwbO+Hpek16GA==",
      "requires": {
        "@esfx/internal-deprecate": "^1.0.0-pre.13",
        "@esfx/internal-guards": "^1.0.0-pre.11",
        "@esfx/internal-tag": "^1.0.0-pre.6",
        "tslib": "^1.9.3"
      }
    },
    "@esfx/internal-deprecate": {
      "version": "1.0.0-pre.13",
      "resolved": "https://registry.npmjs.org/@esfx/internal-deprecate/-/internal-deprecate-1.0.0-pre.13.tgz",
      "integrity": "sha512-uF4EhrILmUJdcDkSQNsr+33XEKaMj92/8804VIHswytdbwaQjQ85dbj1bSB9TFsXG2zkZtJo09NKNQ9p7NvTPQ==",
      "requires": {
        "tslib": "^1.9.3"
      }
    },
    "@esfx/internal-guards": {
      "version": "1.0.0-pre.11",
      "resolved": "https://registry.npmjs.org/@esfx/internal-guards/-/internal-guards-1.0.0-pre.11.tgz",
      "integrity": "sha512-DnRXkwwSrqIaml+sAm/zzpfDOCBnZkzflmGB833AqVYbgopO7xPBobngxqGBhYjutgTmVuXV3GKP0g08h4mQEw==",
      "requires": {
        "@esfx/type-model": "^1.0.0-pre.11",
        "tslib": "^1.9.3"
      }
    },
    "@esfx/internal-tag": {
      "version": "1.0.0-pre.6",
      "resolved": "https://registry.npmjs.org/@esfx/internal-tag/-/internal-tag-1.0.0-pre.6.tgz",
      "integrity": "sha512-nODidP9/RBLqX39HL12IhFLgaoBHrC5nrm6D/BwquCGNoPQI9EXNPau+IdmGqeUcaMoVOFLFOkYtnHU52RVngw=="
    },
    "@esfx/type-model": {
      "version": "1.0.0-pre.11",
      "resolved": "https://registry.npmjs.org/@esfx/type-model/-/type-model-1.0.0-pre.11.tgz",
      "integrity": "sha512-ImM8fj0HFE2GRPRq+q1xnW3kNaIbZscpJfWjGyeo9KdMxKoI75bJebsA3XK6AH9zbEWba+521V+m6NDvDhcnSw==",
      "requires": {
        "tslib": "^1.9.3"
      }
    },
    "prex": {
      "version": "0.4.7",
      "resolved": "https://registry.npmjs.org/prex/-/prex-0.4.7.tgz",
      "integrity": "sha512-ulhl3iyjmAW/GroRQJN4CG+pC6KJ+W+deNRBkEShQwe16wLP9k92+x6RmLJuLiVSGkbxhnAqHpGdJJCh3bRpUQ==",
      "requires": {
        "@esfx/cancelable": "^1.0.0-pre.13",
        "@esfx/disposable": "^1.0.0-pre.13"
      }
    },
    "tslib": {
      "version": "1.14.1",
      "resolved": "https://registry.npmjs.org/tslib/-/tslib-1.14.1.tgz",
      "integrity": "sha512-Xni35NKzjgMrwevysHTCArtLDpPvye8zV/0E4EyYn43P7/7qvQwPh9BGkHewbMulVntbigmcT7rdX3BNo9wRJg=="
    }
  }
}
